# This file is automatically @generated by Poetry 1.8.3 and should not be changed by hand.

[[package]]
name = "annotated-types"
version = "0.7.0"
description = "Reusable constraint types to use with typing.Annotated"
optional = false
python-versions = ">=3.8"
files = [
    {file = "annotated_types-0.7.0-py3-none-any.whl", hash = "sha256:1f02e8b43a8fbbc3f3e0d4f0f4bfc8131bcb4eebe8849b8e5c773f3a1c582a53"},
    {file = "annotated_types-0.7.0.tar.gz", hash = "sha256:aff07c09a53a08bc8cfccb9c85b05f1aa9a2a6f23728d790723543408344ce89"},
]

[[package]]
name = "asgiref"
version = "3.8.1"
description = "ASGI specs, helper code, and adapters"
optional = false
python-versions = ">=3.8"
files = [
    {file = "asgiref-3.8.1-py3-none-any.whl", hash = "sha256:3e1e3ecc849832fe52ccf2cb6686b7a55f82bb1d6aee72a58826471390335e47"},
    {file = "asgiref-3.8.1.tar.gz", hash = "sha256:c343bd80a0bec947a9860adb4c432ffa7db769836c64238fc34bdc3fec84d590"},
]

[package.extras]
tests = ["mypy (>=0.800)", "pytest", "pytest-asyncio"]

[[package]]
name = "django"
version = "5.1.1"
description = "A high-level Python web framework that encourages rapid development and clean, pragmatic design."
optional = false
python-versions = ">=3.10"
files = [
    {file = "Django-5.1.1-py3-none-any.whl", hash = "sha256:71603f27dac22a6533fb38d83072eea9ddb4017fead6f67f2562a40402d61c3f"},
    {file = "Django-5.1.1.tar.gz", hash = "sha256:021ffb7fdab3d2d388bc8c7c2434eb9c1f6f4d09e6119010bbb1694dda286bc2"},
]

[package.dependencies]
asgiref = ">=3.8.1,<4"
sqlparse = ">=0.3.1"
tzdata = {version = "*", markers = "sys_platform == \"win32\""}

[package.extras]
argon2 = ["argon2-cffi (>=19.1.0)"]
bcrypt = ["bcrypt"]

[[package]]
name = "django-crispy-forms"
version = "1.8.0"
description = "Best way to have Django DRY forms"
optional = false
python-versions = "*"
files = [
    {file = "django-crispy-forms-1.8.0.tar.gz", hash = "sha256:0320b303420fec9ce94e045321dfd180ca0e31e0336211c5d30ad0bda5ebbb5d"},
    {file = "django_crispy_forms-1.8.0-py2.py3-none-any.whl", hash = "sha256:22b6634e3a6316623e4eb062527fe5be5f97ea8b83020c65bcd8fac4747807b5"},
]

[[package]]
name = "django-ninja"
version = "1.3.0"
description = "Django Ninja - Fast Django REST framework"
optional = false
python-versions = ">=3.7"
files = [
    {file = "django_ninja-1.3.0-py3-none-any.whl", hash = "sha256:f58096b6c767d1403dfd6c49743f82d780d7b9688d9302ecab316ac1fa6131bb"},
    {file = "django_ninja-1.3.0.tar.gz", hash = "sha256:5b320e2dc0f41a6032bfa7e1ebc33559ae1e911a426f0c6be6674a50b20819be"},
]

[package.dependencies]
Django = ">=3.1"
pydantic = ">=2.0,<3.0.0"

[package.extras]
dev = ["pre-commit"]
doc = ["markdown-include", "mkdocs", "mkdocs-material", "mkdocstrings"]
test = ["django-stubs", "mypy (==1.7.1)", "psycopg2-binary", "pytest", "pytest-asyncio", "pytest-cov", "pytest-django", "ruff (==0.5.7)"]

[[package]]
name = "dnspython"
version = "2.6.1"
description = "DNS toolkit"
optional = false
python-versions = ">=3.8"
files = [
    {file = "dnspython-2.6.1-py3-none-any.whl", hash = "sha256:5ef3b9680161f6fa89daf8ad451b5f1a33b18ae8a1c6778cdf4b43f08c0a6e50"},
    {file = "dnspython-2.6.1.tar.gz", hash = "sha256:e8f0f9c23a7b7cb99ded64e6c3a6f3e701d78f50c55e002b839dea7225cff7cc"},
]

[package.extras]
dev = ["black (>=23.1.0)", "coverage (>=7.0)", "flake8 (>=7)", "mypy (>=1.8)", "pylint (>=3)", "pytest (>=7.4)", "pytest-cov (>=4.1.0)", "sphinx (>=7.2.0)", "twine (>=4.0.0)", "wheel (>=0.42.0)"]
dnssec = ["cryptography (>=41)"]
doh = ["h2 (>=4.1.0)", "httpcore (>=1.0.0)", "httpx (>=0.26.0)"]
doq = ["aioquic (>=0.9.25)"]
idna = ["idna (>=3.6)"]
trio = ["trio (>=0.23)"]
wmi = ["wmi (>=1.5.1)"]

[[package]]
name = "email-validator"
version = "2.2.0"
description = "A robust email address syntax and deliverability validation library."
optional = false
python-versions = ">=3.8"
files = [
    {file = "email_validator-2.2.0-py3-none-any.whl", hash = "sha256:561977c2d73ce3611850a06fa56b414621e0c8faa9d66f2611407d87465da631"},
    {file = "email_validator-2.2.0.tar.gz", hash = "sha256:cb690f344c617a714f22e66ae771445a1ceb46821152df8e165c5f9a364582b7"},
]

[package.dependencies]
dnspython = ">=2.0.0"
idna = ">=2.0.0"

[[package]]
name = "idna"
version = "3.8"
description = "Internationalized Domain Names in Applications (IDNA)"
optional = false
python-versions = ">=3.6"
files = [
    {file = "idna-3.8-py3-none-any.whl", hash = "sha256:050b4e5baadcd44d760cedbd2b8e639f2ff89bbc7a5730fcc662954303377aac"},
    {file = "idna-3.8.tar.gz", hash = "sha256:d838c2c0ed6fced7693d5e8ab8e734d5f8fda53a039c0164afb0b82e771e3603"},
]

[[package]]
name = "pydantic"
version = "2.9.1"
description = "Data validation using Python type hints"
optional = false
python-versions = ">=3.8"
files = [
    {file = "pydantic-2.9.1-py3-none-any.whl", hash = "sha256:7aff4db5fdf3cf573d4b3c30926a510a10e19a0774d38fc4967f78beb6deb612"},
    {file = "pydantic-2.9.1.tar.gz", hash = "sha256:1363c7d975c7036df0db2b4a61f2e062fbc0aa5ab5f2772e0ffc7191a4f4bce2"},
]

[package.dependencies]
annotated-types = ">=0.6.0"
email-validator = {version = ">=2.0.0", optional = true, markers = "extra == \"email\""}
pydantic-core = "2.23.3"
typing-extensions = [
    {version = ">=4.12.2", markers = "python_version >= \"3.13\""},
    {version = ">=4.6.1", markers = "python_version < \"3.13\""},
]

[package.extras]
email = ["email-validator (>=2.0.0)"]
timezone = ["tzdata"]

[[package]]
name = "pydantic-core"
version = "2.23.3"
description = "Core functionality for Pydantic validation and serialization"
optional = false
python-versions = ">=3.8"
files = [
    {file = "pydantic_core-2.23.3-cp310-cp310-macosx_10_12_x86_64.whl", hash = "sha256:7f10a5d1b9281392f1bf507d16ac720e78285dfd635b05737c3911637601bae6"},
    {file = "pydantic_core-2.23.3-cp310-cp310-macosx_11_0_arm64.whl", hash = "sha256:3c09a7885dd33ee8c65266e5aa7fb7e2f23d49d8043f089989726391dd7350c5"},
    {file = "pydantic_core-2.23.3-cp310-cp310-manylinux_2_17_aarch64.manylinux2014_aarch64.whl", hash = "sha256:6470b5a1ec4d1c2e9afe928c6cb37eb33381cab99292a708b8cb9aa89e62429b"},
    {file = "pydantic_core-2.23.3-cp310-cp310-manylinux_2_17_armv7l.manylinux2014_armv7l.whl", hash = "sha256:9172d2088e27d9a185ea0a6c8cebe227a9139fd90295221d7d495944d2367700"},
    {file = "pydantic_core-2.23.3-cp310-cp310-manylinux_2_17_ppc64le.manylinux2014_ppc64le.whl", hash = "sha256:86fc6c762ca7ac8fbbdff80d61b2c59fb6b7d144aa46e2d54d9e1b7b0e780e01"},
    {file = "pydantic_core-2.23.3-cp310-cp310-manylinux_2_17_s390x.manylinux2014_s390x.whl", hash = "sha256:f0cb80fd5c2df4898693aa841425ea1727b1b6d2167448253077d2a49003e0ed"},
    {file = "pydantic_core-2.23.3-cp310-cp310-manylinux_2_17_x86_64.manylinux2014_x86_64.whl", hash = "sha256:03667cec5daf43ac4995cefa8aaf58f99de036204a37b889c24a80927b629cec"},
    {file = "pydantic_core-2.23.3-cp310-cp310-manylinux_2_5_i686.manylinux1_i686.whl", hash = "sha256:047531242f8e9c2db733599f1c612925de095e93c9cc0e599e96cf536aaf56ba"},
    {file = "pydantic_core-2.23.3-cp310-cp310-musllinux_1_1_aarch64.whl", hash = "sha256:5499798317fff7f25dbef9347f4451b91ac2a4330c6669821c8202fd354c7bee"},
    {file = "pydantic_core-2.23.3-cp310-cp310-musllinux_1_1_x86_64.whl", hash = "sha256:bbb5e45eab7624440516ee3722a3044b83fff4c0372efe183fd6ba678ff681fe"},
    {file = "pydantic_core-2.23.3-cp310-none-win32.whl", hash = "sha256:8b5b3ed73abb147704a6e9f556d8c5cb078f8c095be4588e669d315e0d11893b"},
    {file = "pydantic_core-2.23.3-cp310-none-win_amd64.whl", hash = "sha256:2b603cde285322758a0279995b5796d64b63060bfbe214b50a3ca23b5cee3e83"},
    {file = "pydantic_core-2.23.3-cp311-cp311-macosx_10_12_x86_64.whl", hash = "sha256:c889fd87e1f1bbeb877c2ee56b63bb297de4636661cc9bbfcf4b34e5e925bc27"},
    {file = "pydantic_core-2.23.3-cp311-cp311-macosx_11_0_arm64.whl", hash = "sha256:ea85bda3189fb27503af4c45273735bcde3dd31c1ab17d11f37b04877859ef45"},
    {file = "pydantic_core-2.23.3-cp311-cp311-manylinux_2_17_aarch64.manylinux2014_aarch64.whl", hash = "sha256:a7f7f72f721223f33d3dc98a791666ebc6a91fa023ce63733709f4894a7dc611"},
    {file = "pydantic_core-2.23.3-cp311-cp311-manylinux_2_17_armv7l.manylinux2014_armv7l.whl", hash = "sha256:2b2b55b0448e9da68f56b696f313949cda1039e8ec7b5d294285335b53104b61"},
    {file = "pydantic_core-2.23.3-cp311-cp311-manylinux_2_17_ppc64le.manylinux2014_ppc64le.whl", hash = "sha256:c24574c7e92e2c56379706b9a3f07c1e0c7f2f87a41b6ee86653100c4ce343e5"},
    {file = "pydantic_core-2.23.3-cp311-cp311-manylinux_2_17_s390x.manylinux2014_s390x.whl", hash = "sha256:f2b05e6ccbee333a8f4b8f4d7c244fdb7a979e90977ad9c51ea31261e2085ce0"},
    {file = "pydantic_core-2.23.3-cp311-cp311-manylinux_2_17_x86_64.manylinux2014_x86_64.whl", hash = "sha256:e2c409ce1c219c091e47cb03feb3c4ed8c2b8e004efc940da0166aaee8f9d6c8"},
    {file = "pydantic_core-2.23.3-cp311-cp311-manylinux_2_5_i686.manylinux1_i686.whl", hash = "sha256:d965e8b325f443ed3196db890d85dfebbb09f7384486a77461347f4adb1fa7f8"},
    {file = "pydantic_core-2.23.3-cp311-cp311-musllinux_1_1_aarch64.whl", hash = "sha256:f56af3a420fb1ffaf43ece3ea09c2d27c444e7c40dcb7c6e7cf57aae764f2b48"},
    {file = "pydantic_core-2.23.3-cp311-cp311-musllinux_1_1_x86_64.whl", hash = "sha256:5b01a078dd4f9a52494370af21aa52964e0a96d4862ac64ff7cea06e0f12d2c5"},
    {file = "pydantic_core-2.23.3-cp311-none-win32.whl", hash = "sha256:560e32f0df04ac69b3dd818f71339983f6d1f70eb99d4d1f8e9705fb6c34a5c1"},
    {file = "pydantic_core-2.23.3-cp311-none-win_amd64.whl", hash = "sha256:c744fa100fdea0d000d8bcddee95213d2de2e95b9c12be083370b2072333a0fa"},
    {file = "pydantic_core-2.23.3-cp312-cp312-macosx_10_12_x86_64.whl", hash = "sha256:e0ec50663feedf64d21bad0809f5857bac1ce91deded203efc4a84b31b2e4305"},
    {file = "pydantic_core-2.23.3-cp312-cp312-macosx_11_0_arm64.whl", hash = "sha256:db6e6afcb95edbe6b357786684b71008499836e91f2a4a1e55b840955b341dbb"},
    {file = "pydantic_core-2.23.3-cp312-cp312-manylinux_2_17_aarch64.manylinux2014_aarch64.whl", hash = "sha256:98ccd69edcf49f0875d86942f4418a4e83eb3047f20eb897bffa62a5d419c8fa"},
    {file = "pydantic_core-2.23.3-cp312-cp312-manylinux_2_17_armv7l.manylinux2014_armv7l.whl", hash = "sha256:a678c1ac5c5ec5685af0133262103defb427114e62eafeda12f1357a12140162"},
    {file = "pydantic_core-2.23.3-cp312-cp312-manylinux_2_17_ppc64le.manylinux2014_ppc64le.whl", hash = "sha256:01491d8b4d8db9f3391d93b0df60701e644ff0894352947f31fff3e52bd5c801"},
    {file = "pydantic_core-2.23.3-cp312-cp312-manylinux_2_17_s390x.manylinux2014_s390x.whl", hash = "sha256:fcf31facf2796a2d3b7fe338fe8640aa0166e4e55b4cb108dbfd1058049bf4cb"},
    {file = "pydantic_core-2.23.3-cp312-cp312-manylinux_2_17_x86_64.manylinux2014_x86_64.whl", hash = "sha256:7200fd561fb3be06827340da066df4311d0b6b8eb0c2116a110be5245dceb326"},
    {file = "pydantic_core-2.23.3-cp312-cp312-manylinux_2_5_i686.manylinux1_i686.whl", hash = "sha256:dc1636770a809dee2bd44dd74b89cc80eb41172bcad8af75dd0bc182c2666d4c"},
    {file = "pydantic_core-2.23.3-cp312-cp312-musllinux_1_1_aarch64.whl", hash = "sha256:67a5def279309f2e23014b608c4150b0c2d323bd7bccd27ff07b001c12c2415c"},
    {file = "pydantic_core-2.23.3-cp312-cp312-musllinux_1_1_x86_64.whl", hash = "sha256:748bdf985014c6dd3e1e4cc3db90f1c3ecc7246ff5a3cd4ddab20c768b2f1dab"},
    {file = "pydantic_core-2.23.3-cp312-none-win32.whl", hash = "sha256:255ec6dcb899c115f1e2a64bc9ebc24cc0e3ab097775755244f77360d1f3c06c"},
    {file = "pydantic_core-2.23.3-cp312-none-win_amd64.whl", hash = "sha256:40b8441be16c1e940abebed83cd006ddb9e3737a279e339dbd6d31578b802f7b"},
    {file = "pydantic_core-2.23.3-cp313-cp313-macosx_10_12_x86_64.whl", hash = "sha256:6daaf5b1ba1369a22c8b050b643250e3e5efc6a78366d323294aee54953a4d5f"},
    {file = "pydantic_core-2.23.3-cp313-cp313-macosx_11_0_arm64.whl", hash = "sha256:d015e63b985a78a3d4ccffd3bdf22b7c20b3bbd4b8227809b3e8e75bc37f9cb2"},
    {file = "pydantic_core-2.23.3-cp313-cp313-manylinux_2_17_aarch64.manylinux2014_aarch64.whl", hash = "sha256:a3fc572d9b5b5cfe13f8e8a6e26271d5d13f80173724b738557a8c7f3a8a3791"},
    {file = "pydantic_core-2.23.3-cp313-cp313-manylinux_2_17_armv7l.manylinux2014_armv7l.whl", hash = "sha256:f6bd91345b5163ee7448bee201ed7dd601ca24f43f439109b0212e296eb5b423"},
    {file = "pydantic_core-2.23.3-cp313-cp313-manylinux_2_17_ppc64le.manylinux2014_ppc64le.whl", hash = "sha256:fc379c73fd66606628b866f661e8785088afe2adaba78e6bbe80796baf708a63"},
    {file = "pydantic_core-2.23.3-cp313-cp313-manylinux_2_17_s390x.manylinux2014_s390x.whl", hash = "sha256:fbdce4b47592f9e296e19ac31667daed8753c8367ebb34b9a9bd89dacaa299c9"},
    {file = "pydantic_core-2.23.3-cp313-cp313-manylinux_2_17_x86_64.manylinux2014_x86_64.whl", hash = "sha256:fc3cf31edf405a161a0adad83246568647c54404739b614b1ff43dad2b02e6d5"},
    {file = "pydantic_core-2.23.3-cp313-cp313-manylinux_2_5_i686.manylinux1_i686.whl", hash = "sha256:8e22b477bf90db71c156f89a55bfe4d25177b81fce4aa09294d9e805eec13855"},
    {file = "pydantic_core-2.23.3-cp313-cp313-musllinux_1_1_aarch64.whl", hash = "sha256:0a0137ddf462575d9bce863c4c95bac3493ba8e22f8c28ca94634b4a1d3e2bb4"},
    {file = "pydantic_core-2.23.3-cp313-cp313-musllinux_1_1_x86_64.whl", hash = "sha256:203171e48946c3164fe7691fc349c79241ff8f28306abd4cad5f4f75ed80bc8d"},
    {file = "pydantic_core-2.23.3-cp313-none-win32.whl", hash = "sha256:76bdab0de4acb3f119c2a4bff740e0c7dc2e6de7692774620f7452ce11ca76c8"},
    {file = "pydantic_core-2.23.3-cp313-none-win_amd64.whl", hash = "sha256:37ba321ac2a46100c578a92e9a6aa33afe9ec99ffa084424291d84e456f490c1"},
    {file = "pydantic_core-2.23.3-cp38-cp38-macosx_10_12_x86_64.whl", hash = "sha256:d063c6b9fed7d992bcbebfc9133f4c24b7a7f215d6b102f3e082b1117cddb72c"},
    {file = "pydantic_core-2.23.3-cp38-cp38-macosx_11_0_arm64.whl", hash = "sha256:6cb968da9a0746a0cf521b2b5ef25fc5a0bee9b9a1a8214e0a1cfaea5be7e8a4"},
    {file = "pydantic_core-2.23.3-cp38-cp38-manylinux_2_17_aarch64.manylinux2014_aarch64.whl", hash = "sha256:edbefe079a520c5984e30e1f1f29325054b59534729c25b874a16a5048028d16"},
    {file = "pydantic_core-2.23.3-cp38-cp38-manylinux_2_17_armv7l.manylinux2014_armv7l.whl", hash = "sha256:cbaaf2ef20d282659093913da9d402108203f7cb5955020bd8d1ae5a2325d1c4"},
    {file = "pydantic_core-2.23.3-cp38-cp38-manylinux_2_17_ppc64le.manylinux2014_ppc64le.whl", hash = "sha256:fb539d7e5dc4aac345846f290cf504d2fd3c1be26ac4e8b5e4c2b688069ff4cf"},
    {file = "pydantic_core-2.23.3-cp38-cp38-manylinux_2_17_s390x.manylinux2014_s390x.whl", hash = "sha256:7e6f33503c5495059148cc486867e1d24ca35df5fc064686e631e314d959ad5b"},
    {file = "pydantic_core-2.23.3-cp38-cp38-manylinux_2_17_x86_64.manylinux2014_x86_64.whl", hash = "sha256:04b07490bc2f6f2717b10c3969e1b830f5720b632f8ae2f3b8b1542394c47a8e"},
    {file = "pydantic_core-2.23.3-cp38-cp38-manylinux_2_5_i686.manylinux1_i686.whl", hash = "sha256:03795b9e8a5d7fda05f3873efc3f59105e2dcff14231680296b87b80bb327295"},
    {file = "pydantic_core-2.23.3-cp38-cp38-musllinux_1_1_aarch64.whl", hash = "sha256:c483dab0f14b8d3f0df0c6c18d70b21b086f74c87ab03c59250dbf6d3c89baba"},
    {file = "pydantic_core-2.23.3-cp38-cp38-musllinux_1_1_x86_64.whl", hash = "sha256:8b2682038e255e94baf2c473dca914a7460069171ff5cdd4080be18ab8a7fd6e"},
    {file = "pydantic_core-2.23.3-cp38-none-win32.whl", hash = "sha256:f4a57db8966b3a1d1a350012839c6a0099f0898c56512dfade8a1fe5fb278710"},
    {file = "pydantic_core-2.23.3-cp38-none-win_amd64.whl", hash = "sha256:13dd45ba2561603681a2676ca56006d6dee94493f03d5cadc055d2055615c3ea"},
    {file = "pydantic_core-2.23.3-cp39-cp39-macosx_10_12_x86_64.whl", hash = "sha256:82da2f4703894134a9f000e24965df73cc103e31e8c31906cc1ee89fde72cbd8"},
    {file = "pydantic_core-2.23.3-cp39-cp39-macosx_11_0_arm64.whl", hash = "sha256:dd9be0a42de08f4b58a3cc73a123f124f65c24698b95a54c1543065baca8cf0e"},
    {file = "pydantic_core-2.23.3-cp39-cp39-manylinux_2_17_aarch64.manylinux2014_aarch64.whl", hash = "sha256:89b731f25c80830c76fdb13705c68fef6a2b6dc494402987c7ea9584fe189f5d"},
    {file = "pydantic_core-2.23.3-cp39-cp39-manylinux_2_17_armv7l.manylinux2014_armv7l.whl", hash = "sha256:c6de1ec30c4bb94f3a69c9f5f2182baeda5b809f806676675e9ef6b8dc936f28"},
    {file = "pydantic_core-2.23.3-cp39-cp39-manylinux_2_17_ppc64le.manylinux2014_ppc64le.whl", hash = "sha256:bb68b41c3fa64587412b104294b9cbb027509dc2f6958446c502638d481525ef"},
    {file = "pydantic_core-2.23.3-cp39-cp39-manylinux_2_17_s390x.manylinux2014_s390x.whl", hash = "sha256:1c3980f2843de5184656aab58698011b42763ccba11c4a8c35936c8dd6c7068c"},
    {file = "pydantic_core-2.23.3-cp39-cp39-manylinux_2_17_x86_64.manylinux2014_x86_64.whl", hash = "sha256:94f85614f2cba13f62c3c6481716e4adeae48e1eaa7e8bac379b9d177d93947a"},
    {file = "pydantic_core-2.23.3-cp39-cp39-manylinux_2_5_i686.manylinux1_i686.whl", hash = "sha256:510b7fb0a86dc8f10a8bb43bd2f97beb63cffad1203071dc434dac26453955cd"},
    {file = "pydantic_core-2.23.3-cp39-cp39-musllinux_1_1_aarch64.whl", hash = "sha256:1eba2f7ce3e30ee2170410e2171867ea73dbd692433b81a93758ab2de6c64835"},
    {file = "pydantic_core-2.23.3-cp39-cp39-musllinux_1_1_x86_64.whl", hash = "sha256:4b259fd8409ab84b4041b7b3f24dcc41e4696f180b775961ca8142b5b21d0e70"},
    {file = "pydantic_core-2.23.3-cp39-none-win32.whl", hash = "sha256:40d9bd259538dba2f40963286009bf7caf18b5112b19d2b55b09c14dde6db6a7"},
    {file = "pydantic_core-2.23.3-cp39-none-win_amd64.whl", hash = "sha256:5a8cd3074a98ee70173a8633ad3c10e00dcb991ecec57263aacb4095c5efb958"},
    {file = "pydantic_core-2.23.3-pp310-pypy310_pp73-macosx_10_12_x86_64.whl", hash = "sha256:f399e8657c67313476a121a6944311fab377085ca7f490648c9af97fc732732d"},
    {file = "pydantic_core-2.23.3-pp310-pypy310_pp73-macosx_11_0_arm64.whl", hash = "sha256:6b5547d098c76e1694ba85f05b595720d7c60d342f24d5aad32c3049131fa5c4"},
    {file = "pydantic_core-2.23.3-pp310-pypy310_pp73-manylinux_2_17_aarch64.manylinux2014_aarch64.whl", hash = "sha256:0dda0290a6f608504882d9f7650975b4651ff91c85673341789a476b1159f211"},
    {file = "pydantic_core-2.23.3-pp310-pypy310_pp73-manylinux_2_17_x86_64.manylinux2014_x86_64.whl", hash = "sha256:65b6e5da855e9c55a0c67f4db8a492bf13d8d3316a59999cfbaf98cc6e401961"},
    {file = "pydantic_core-2.23.3-pp310-pypy310_pp73-manylinux_2_5_i686.manylinux1_i686.whl", hash = "sha256:09e926397f392059ce0afdcac920df29d9c833256354d0c55f1584b0b70cf07e"},
    {file = "pydantic_core-2.23.3-pp310-pypy310_pp73-musllinux_1_1_aarch64.whl", hash = "sha256:87cfa0ed6b8c5bd6ae8b66de941cece179281239d482f363814d2b986b79cedc"},
    {file = "pydantic_core-2.23.3-pp310-pypy310_pp73-musllinux_1_1_x86_64.whl", hash = "sha256:e61328920154b6a44d98cabcb709f10e8b74276bc709c9a513a8c37a18786cc4"},
    {file = "pydantic_core-2.23.3-pp310-pypy310_pp73-win_amd64.whl", hash = "sha256:ce3317d155628301d649fe5e16a99528d5680af4ec7aa70b90b8dacd2d725c9b"},
    {file = "pydantic_core-2.23.3-pp39-pypy39_pp73-macosx_10_12_x86_64.whl", hash = "sha256:e89513f014c6be0d17b00a9a7c81b1c426f4eb9224b15433f3d98c1a071f8433"},
    {file = "pydantic_core-2.23.3-pp39-pypy39_pp73-macosx_11_0_arm64.whl", hash = "sha256:4f62c1c953d7ee375df5eb2e44ad50ce2f5aff931723b398b8bc6f0ac159791a"},
    {file = "pydantic_core-2.23.3-pp39-pypy39_pp73-manylinux_2_17_aarch64.manylinux2014_aarch64.whl", hash = "sha256:2718443bc671c7ac331de4eef9b673063b10af32a0bb385019ad61dcf2cc8f6c"},
    {file = "pydantic_core-2.23.3-pp39-pypy39_pp73-manylinux_2_17_x86_64.manylinux2014_x86_64.whl", hash = "sha256:a0d90e08b2727c5d01af1b5ef4121d2f0c99fbee692c762f4d9d0409c9da6541"},
    {file = "pydantic_core-2.23.3-pp39-pypy39_pp73-manylinux_2_5_i686.manylinux1_i686.whl", hash = "sha256:2b676583fc459c64146debea14ba3af54e540b61762dfc0613dc4e98c3f66eeb"},
    {file = "pydantic_core-2.23.3-pp39-pypy39_pp73-musllinux_1_1_aarch64.whl", hash = "sha256:50e4661f3337977740fdbfbae084ae5693e505ca2b3130a6d4eb0f2281dc43b8"},
    {file = "pydantic_core-2.23.3-pp39-pypy39_pp73-musllinux_1_1_x86_64.whl", hash = "sha256:68f4cf373f0de6abfe599a38307f4417c1c867ca381c03df27c873a9069cda25"},
    {file = "pydantic_core-2.23.3-pp39-pypy39_pp73-win_amd64.whl", hash = "sha256:59d52cf01854cb26c46958552a21acb10dd78a52aa34c86f284e66b209db8cab"},
    {file = "pydantic_core-2.23.3.tar.gz", hash = "sha256:3cb0f65d8b4121c1b015c60104a685feb929a29d7cf204387c7f2688c7974690"},
]

[package.dependencies]
typing-extensions = ">=4.6.0,<4.7.0 || >4.7.0"

[[package]]
name = "python-dateutil"
version = "2.8.1"
description = "Extensions to the standard Python datetime module"
optional = false
python-versions = "!=3.0.*,!=3.1.*,!=3.2.*,>=2.7"
files = [
    {file = "python-dateutil-2.8.1.tar.gz", hash = "sha256:73ebfe9dbf22e832286dafa60473e4cd239f8592f699aa5adaf10050e6e1823c"},
    {file = "python_dateutil-2.8.1-py2.py3-none-any.whl", hash = "sha256:75bb3f31ea686f1197762692a9ee6a7550b59fc6ca3a1f4b5d7e32fb98e2da2a"},
]

[package.dependencies]
six = ">=1.5"

[[package]]
name = "simplejson"
version = "3.19.3"
description = "Simple, fast, extensible JSON encoder/decoder for Python"
optional = false
python-versions = "!=3.0.*,!=3.1.*,!=3.2.*,>=2.5"
files = [
    {file = "simplejson-3.19.3-cp27-cp27m-manylinux1_i686.whl", hash = "sha256:f39caec26007a2d0efab6b8b1d74873ede9351962707afab622cc2285dd26ed0"},
    {file = "simplejson-3.19.3-cp27-cp27m-manylinux1_x86_64.whl", hash = "sha256:83c87706265ae3028e8460d08b05f30254c569772e859e5ba61fe8af2c883468"},
    {file = "simplejson-3.19.3-cp27-cp27m-manylinux2010_i686.whl", hash = "sha256:0b5ddd2c7d1d3f4d23224bc8a04bbf1430ae9a8149c05b90f8fc610f7f857a23"},
    {file = "simplejson-3.19.3-cp27-cp27m-manylinux2010_x86_64.whl", hash = "sha256:ad0e0b1ce9bd3edb5cf64b5b5b76eacbfdac8c5367153aeeec8a8b1407f68342"},
    {file = "simplejson-3.19.3-cp27-cp27mu-manylinux1_i686.whl", hash = "sha256:93be280fc69a952c76e261036312c20b910e7fa9e234f1d89bdfe3fa34f8a023"},
    {file = "simplejson-3.19.3-cp27-cp27mu-manylinux1_x86_64.whl", hash = "sha256:6d43e24b88c80f997081503f693be832fc90854f278df277dd54f8a4c847ab61"},
    {file = "simplejson-3.19.3-cp27-cp27mu-manylinux2010_i686.whl", hash = "sha256:2876027ebdd599d730d36464debe84619b0368e9a642ca6e7c601be55aed439e"},
    {file = "simplejson-3.19.3-cp27-cp27mu-manylinux2010_x86_64.whl", hash = "sha256:0766ca6222b410e08e0053a0dda3606cafb3973d5d00538307f631bb59743396"},
    {file = "simplejson-3.19.3-cp310-cp310-macosx_10_9_universal2.whl", hash = "sha256:50d8b742d74c449c4dcac570d08ce0f21f6a149d2d9cf7652dbf2ba9a1bc729a"},
    {file = "simplejson-3.19.3-cp310-cp310-macosx_10_9_x86_64.whl", hash = "sha256:dd011fc3c1d88b779645495fdb8189fb318a26981eebcce14109460e062f209b"},
    {file = "simplejson-3.19.3-cp310-cp310-macosx_11_0_arm64.whl", hash = "sha256:637c4d4b81825c1f4d651e56210bd35b5604034b192b02d2d8f17f7ce8c18f42"},
    {file = "simplejson-3.19.3-cp310-cp310-manylinux_2_17_aarch64.manylinux2014_aarch64.whl", hash = "sha256:2f56eb03bc9e432bb81adc8ecff2486d39feb371abb442964ffb44f6db23b332"},
    {file = "simplejson-3.19.3-cp310-cp310-manylinux_2_17_ppc64le.manylinux2014_ppc64le.whl", hash = "sha256:ef59a53be400c1fad2c914b8d74c9d42384fed5174f9321dd021b7017fd40270"},
    {file = "simplejson-3.19.3-cp310-cp310-manylinux_2_5_i686.manylinux1_i686.manylinux_2_17_i686.manylinux2014_i686.whl", hash = "sha256:72e8abbc86fcac83629a030888b45fed3a404d54161118be52cb491cd6975d3e"},
    {file = "simplejson-3.19.3-cp310-cp310-manylinux_2_5_x86_64.manylinux1_x86_64.manylinux_2_17_x86_64.manylinux2014_x86_64.whl", hash = "sha256:f8efb03ca77bd7725dfacc9254df00d73e6f43013cf39bd37ef1a8ed0ebb5165"},
    {file = "simplejson-3.19.3-cp310-cp310-musllinux_1_2_aarch64.whl", hash = "sha256:add8850db04b98507a8b62d248a326ecc8561e6d24336d1ca5c605bbfaab4cad"},
    {file = "simplejson-3.19.3-cp310-cp310-musllinux_1_2_i686.whl", hash = "sha256:fc3dc9fb413fc34c396f52f4c87de18d0bd5023804afa8ab5cc224deeb6a9900"},
    {file = "simplejson-3.19.3-cp310-cp310-musllinux_1_2_ppc64le.whl", hash = "sha256:4dfa420bb9225dd33b6efdabde7c6a671b51150b9b1d9c4e5cd74d3b420b3fe1"},
    {file = "simplejson-3.19.3-cp310-cp310-musllinux_1_2_x86_64.whl", hash = "sha256:7b5c472099b39b274dcde27f1113db8d818c9aa3ba8f78cbb8ad04a4c1ac2118"},
    {file = "simplejson-3.19.3-cp310-cp310-win32.whl", hash = "sha256:817abad79241ed4a507b3caf4d3f2be5079f39d35d4c550a061988986bffd2ec"},
    {file = "simplejson-3.19.3-cp310-cp310-win_amd64.whl", hash = "sha256:dd5b9b1783e14803e362a558680d88939e830db2466f3fa22df5c9319f8eea94"},
    {file = "simplejson-3.19.3-cp311-cp311-macosx_10_9_universal2.whl", hash = "sha256:e88abff510dcff903a18d11c2a75f9964e768d99c8d147839913886144b2065e"},
    {file = "simplejson-3.19.3-cp311-cp311-macosx_10_9_x86_64.whl", hash = "sha256:934a50a614fb831614db5dbfba35127ee277624dda4d15895c957d2f5d48610c"},
    {file = "simplejson-3.19.3-cp311-cp311-macosx_11_0_arm64.whl", hash = "sha256:212fce86a22188b0c7f53533b0f693ea9605c1a0f02c84c475a30616f55a744d"},
    {file = "simplejson-3.19.3-cp311-cp311-manylinux_2_17_aarch64.manylinux2014_aarch64.whl", hash = "sha256:5d9e8f836688a8fabe6a6b41b334aa550a6823f7b4ac3d3712fc0ad8655be9a8"},
    {file = "simplejson-3.19.3-cp311-cp311-manylinux_2_17_ppc64le.manylinux2014_ppc64le.whl", hash = "sha256:23228037dc5d41c36666384062904d74409a62f52283d9858fa12f4c22cffad1"},
    {file = "simplejson-3.19.3-cp311-cp311-manylinux_2_5_i686.manylinux1_i686.manylinux_2_17_i686.manylinux2014_i686.whl", hash = "sha256:0791f64fed7d4abad639491f8a6b1ba56d3c604eb94b50f8697359b92d983f36"},
    {file = "simplejson-3.19.3-cp311-cp311-manylinux_2_5_x86_64.manylinux1_x86_64.manylinux_2_17_x86_64.manylinux2014_x86_64.whl", hash = "sha256:c4f614581b61a26fbbba232a1391f6cee82bc26f2abbb6a0b44a9bba25c56a1c"},
    {file = "simplejson-3.19.3-cp311-cp311-musllinux_1_2_aarch64.whl", hash = "sha256:1df0aaf1cb787fdf34484ed4a1f0c545efd8811f6028623290fef1a53694e597"},
    {file = "simplejson-3.19.3-cp311-cp311-musllinux_1_2_i686.whl", hash = "sha256:951095be8d4451a7182403354c22ec2de3e513e0cc40408b689af08d02611588"},
    {file = "simplejson-3.19.3-cp311-cp311-musllinux_1_2_ppc64le.whl", hash = "sha256:2a954b30810988feeabde843e3263bf187697e0eb5037396276db3612434049b"},
    {file = "simplejson-3.19.3-cp311-cp311-musllinux_1_2_x86_64.whl", hash = "sha256:c40df31a75de98db2cdfead6074d4449cd009e79f54c1ebe5e5f1f153c68ad20"},
    {file = "simplejson-3.19.3-cp311-cp311-win32.whl", hash = "sha256:7e2a098c21ad8924076a12b6c178965d88a0ad75d1de67e1afa0a66878f277a5"},
    {file = "simplejson-3.19.3-cp311-cp311-win_amd64.whl", hash = "sha256:c9bedebdc5fdad48af8783022bae307746d54006b783007d1d3c38e10872a2c6"},
    {file = "simplejson-3.19.3-cp312-cp312-macosx_10_9_universal2.whl", hash = "sha256:66a0399e21c2112acacfebf3d832ebe2884f823b1c7e6d1363f2944f1db31a99"},
    {file = "simplejson-3.19.3-cp312-cp312-macosx_10_9_x86_64.whl", hash = "sha256:6ef9383c5e05f445be60f1735c1816163c874c0b1ede8bb4390aff2ced34f333"},
    {file = "simplejson-3.19.3-cp312-cp312-macosx_11_0_arm64.whl", hash = "sha256:42e5acf80d4d971238d4df97811286a044d720693092b20a56d5e56b7dcc5d09"},
    {file = "simplejson-3.19.3-cp312-cp312-manylinux_2_17_aarch64.manylinux2014_aarch64.whl", hash = "sha256:d0b0efc7279d768db7c74d3d07f0b5c81280d16ae3fb14e9081dc903e8360771"},
    {file = "simplejson-3.19.3-cp312-cp312-manylinux_2_17_ppc64le.manylinux2014_ppc64le.whl", hash = "sha256:0552eb06e7234da892e1d02365cd2b7b2b1f8233aa5aabdb2981587b7cc92ea0"},
    {file = "simplejson-3.19.3-cp312-cp312-manylinux_2_5_i686.manylinux1_i686.manylinux_2_17_i686.manylinux2014_i686.whl", hash = "sha256:5bf6a3b9a7d7191471b464fe38f684df10eb491ec9ea454003edb45a011ab187"},
    {file = "simplejson-3.19.3-cp312-cp312-manylinux_2_5_x86_64.manylinux1_x86_64.manylinux_2_17_x86_64.manylinux2014_x86_64.whl", hash = "sha256:7017329ca8d4dca94ad5e59f496e5fc77630aecfc39df381ffc1d37fb6b25832"},
    {file = "simplejson-3.19.3-cp312-cp312-musllinux_1_2_aarch64.whl", hash = "sha256:67a20641afebf4cfbcff50061f07daad1eace6e7b31d7622b6fa2c40d43900ba"},
    {file = "simplejson-3.19.3-cp312-cp312-musllinux_1_2_i686.whl", hash = "sha256:dd6a7dabcc4c32daf601bc45e01b79175dde4b52548becea4f9545b0a4428169"},
    {file = "simplejson-3.19.3-cp312-cp312-musllinux_1_2_ppc64le.whl", hash = "sha256:08f9b443a94e72dd02c87098c96886d35790e79e46b24e67accafbf13b73d43b"},
    {file = "simplejson-3.19.3-cp312-cp312-musllinux_1_2_x86_64.whl", hash = "sha256:fa97278ae6614346b5ca41a45a911f37a3261b57dbe4a00602048652c862c28b"},
    {file = "simplejson-3.19.3-cp312-cp312-win32.whl", hash = "sha256:ef28c3b328d29b5e2756903aed888960bc5df39b4c2eab157ae212f70ed5bf74"},
    {file = "simplejson-3.19.3-cp312-cp312-win_amd64.whl", hash = "sha256:1e662336db50ad665777e6548b5076329a94a0c3d4a0472971c588b3ef27de3a"},
    {file = "simplejson-3.19.3-cp313-cp313-macosx_10_13_universal2.whl", hash = "sha256:0959e6cb62e3994b5a40e31047ff97ef5c4138875fae31659bead691bed55896"},
    {file = "simplejson-3.19.3-cp313-cp313-macosx_10_13_x86_64.whl", hash = "sha256:7a7bfad839c624e139a4863007233a3f194e7c51551081f9789cba52e4da5167"},
    {file = "simplejson-3.19.3-cp313-cp313-macosx_11_0_arm64.whl", hash = "sha256:afab2f7f2486a866ff04d6d905e9386ca6a231379181a3838abce1f32fbdcc37"},
    {file = "simplejson-3.19.3-cp313-cp313-manylinux_2_17_aarch64.manylinux2014_aarch64.whl", hash = "sha256:d00313681015ac498e1736b304446ee6d1c72c5b287cd196996dad84369998f7"},
    {file = "simplejson-3.19.3-cp313-cp313-manylinux_2_17_ppc64le.manylinux2014_ppc64le.whl", hash = "sha256:d936ae682d5b878af9d9eb4d8bb1fdd5e41275c8eb59ceddb0aeed857bb264a2"},
    {file = "simplejson-3.19.3-cp313-cp313-manylinux_2_5_i686.manylinux1_i686.manylinux_2_17_i686.manylinux2014_i686.whl", hash = "sha256:01c6657485393f2e9b8177c77a7634f13ebe70d5e6de150aae1677d91516ce6b"},
    {file = "simplejson-3.19.3-cp313-cp313-manylinux_2_5_x86_64.manylinux1_x86_64.manylinux_2_17_x86_64.manylinux2014_x86_64.whl", hash = "sha256:2a6a750d3c7461b1c47cfc6bba8d9e57a455e7c5f80057d2a82f738040dd1129"},
    {file = "simplejson-3.19.3-cp313-cp313-musllinux_1_2_aarch64.whl", hash = "sha256:ea7a4a998c87c5674a27089e022110a1a08a7753f21af3baf09efe9915c23c3c"},
    {file = "simplejson-3.19.3-cp313-cp313-musllinux_1_2_i686.whl", hash = "sha256:6300680d83a399be2b8f3b0ef7ef90b35d2a29fe6e9c21438097e0938bbc1564"},
    {file = "simplejson-3.19.3-cp313-cp313-musllinux_1_2_ppc64le.whl", hash = "sha256:ab69f811a660c362651ae395eba8ce84f84c944cea0df5718ea0ba9d1e4e7252"},
    {file = "simplejson-3.19.3-cp313-cp313-musllinux_1_2_x86_64.whl", hash = "sha256:256e09d0f94d9c3d177d9e95fd27a68c875a4baa2046633df387b86b652f5747"},
    {file = "simplejson-3.19.3-cp313-cp313-win32.whl", hash = "sha256:2c78293470313aefa9cfc5e3f75ca0635721fb016fb1121c1c5b0cb8cc74712a"},
    {file = "simplejson-3.19.3-cp313-cp313-win_amd64.whl", hash = "sha256:3bbcdc438dc1683b35f7a8dc100960c721f922f9ede8127f63bed7dfded4c64c"},
    {file = "simplejson-3.19.3-cp36-cp36m-macosx_10_9_x86_64.whl", hash = "sha256:89b35433186e977fa86ff1fd179c1fadff39cfa3afa1648dab0b6ca53153acd9"},
    {file = "simplejson-3.19.3-cp36-cp36m-manylinux_2_17_aarch64.manylinux2014_aarch64.whl", hash = "sha256:d43c2d7504eda566c50203cdc9dc043aff6f55f1b7dae0dcd79dfefef9159d1c"},
    {file = "simplejson-3.19.3-cp36-cp36m-manylinux_2_17_ppc64le.manylinux2014_ppc64le.whl", hash = "sha256:6890ff9cf0bd2e1d487e2a8869ebd620a44684c0a9667fa5ee751d099d5d84c8"},
    {file = "simplejson-3.19.3-cp36-cp36m-manylinux_2_5_i686.manylinux1_i686.manylinux_2_17_i686.manylinux2014_i686.whl", hash = "sha256:1069143a8fb3905e1bc0696c62be7e3adf812e9f1976ac9ae15b05112ff57cc9"},
    {file = "simplejson-3.19.3-cp36-cp36m-manylinux_2_5_x86_64.manylinux1_x86_64.manylinux_2_17_x86_64.manylinux2014_x86_64.whl", hash = "sha256:cb324bb903330cbb35d87cce367a12631cd5720afa06e5b9c906483970946da6"},
    {file = "simplejson-3.19.3-cp36-cp36m-musllinux_1_2_aarch64.whl", hash = "sha256:0a32859d45d7b85fb803bb68f6bee14526991a1190269116c33399fa0daf9bbf"},
    {file = "simplejson-3.19.3-cp36-cp36m-musllinux_1_2_i686.whl", hash = "sha256:23833ee7e791ec968b744dfee2a2d39df7152050051096caf4296506d75608d8"},
    {file = "simplejson-3.19.3-cp36-cp36m-musllinux_1_2_ppc64le.whl", hash = "sha256:d73efb03c5b39249c82488a994f0998f9e4399e3d085209d2120503305ba77a8"},
    {file = "simplejson-3.19.3-cp36-cp36m-musllinux_1_2_x86_64.whl", hash = "sha256:7923878b7a0142d39763ec2dbecff3053c1bedd3653585a8474666e420fe83f5"},
    {file = "simplejson-3.19.3-cp36-cp36m-win32.whl", hash = "sha256:7355c7203353c36d46c4e7b6055293b3d2be097bbc5e2874a2b8a7259f0325dd"},
    {file = "simplejson-3.19.3-cp36-cp36m-win_amd64.whl", hash = "sha256:d1b8b4d6379fe55f471914345fe6171d81a18649dacf3248abfc9c349b4442eb"},
    {file = "simplejson-3.19.3-cp37-cp37m-macosx_10_9_x86_64.whl", hash = "sha256:d36608557b4dcd7a62c29ad4cd7c5a1720bbf7dc942eff9dc42d2c542a5f042d"},
    {file = "simplejson-3.19.3-cp37-cp37m-manylinux_2_17_aarch64.manylinux2014_aarch64.whl", hash = "sha256:7137e69c6781ecf23afab064be94a277236c9cba31aa48ff1a0ec3995c69171e"},
    {file = "simplejson-3.19.3-cp37-cp37m-manylinux_2_17_ppc64le.manylinux2014_ppc64le.whl", hash = "sha256:76f8c28fe2d426182405b18ddf3001fce47835a557dc15c3d8bdea01c03361da"},
    {file = "simplejson-3.19.3-cp37-cp37m-manylinux_2_5_i686.manylinux1_i686.manylinux_2_17_i686.manylinux2014_i686.whl", hash = "sha256:ff7bc1bbdaa3e487c9469128bf39408e91f5573901cb852e03af378d3582c52d"},
    {file = "simplejson-3.19.3-cp37-cp37m-manylinux_2_5_x86_64.manylinux1_x86_64.manylinux_2_17_x86_64.manylinux2014_x86_64.whl", hash = "sha256:a0782cb9bf827f0c488b6aa0f2819f618308a3caf2973cfd792e45d631bec4db"},
    {file = "simplejson-3.19.3-cp37-cp37m-musllinux_1_2_aarch64.whl", hash = "sha256:6fea0716c593dabb4392c4996d4e902a83b2428e6da82938cf28a523a11eb277"},
    {file = "simplejson-3.19.3-cp37-cp37m-musllinux_1_2_i686.whl", hash = "sha256:8f41bb5370b34f63171e65fdb00e12be1d83675cecb23e627df26f4c88dfc021"},
    {file = "simplejson-3.19.3-cp37-cp37m-musllinux_1_2_ppc64le.whl", hash = "sha256:37105d1d708365b91165e1a6e505bdecc88637091348cf4b6adcdcb4f5a5fb8b"},
    {file = "simplejson-3.19.3-cp37-cp37m-musllinux_1_2_x86_64.whl", hash = "sha256:b9198c1f1f8910a3b86b60f4fe2556d9d28d3fefe35bffe6be509a27402e694d"},
    {file = "simplejson-3.19.3-cp37-cp37m-win32.whl", hash = "sha256:bc164f32dd9691e7082ce5df24b4cf8c6c394bbf9bdeeb5d843127cd07ab8ad2"},
    {file = "simplejson-3.19.3-cp37-cp37m-win_amd64.whl", hash = "sha256:1bd41f2cb1a2c57656ceff67b12d005cb255c728265e222027ad73193a04005a"},
    {file = "simplejson-3.19.3-cp38-cp38-macosx_10_9_universal2.whl", hash = "sha256:0733ecd95ae03ae718ec74aad818f5af5f3155d596f7b242acbc1621e765e5fb"},
    {file = "simplejson-3.19.3-cp38-cp38-macosx_10_9_x86_64.whl", hash = "sha256:4a0710d1a5e41c4f829caa1572793dd3130c8d65c2b194c24ff29c4c305c26e0"},
    {file = "simplejson-3.19.3-cp38-cp38-macosx_11_0_arm64.whl", hash = "sha256:1a53a07320c5ff574d8b1a89c937ce33608832f166f39dff0581ac43dc979abd"},
    {file = "simplejson-3.19.3-cp38-cp38-manylinux_2_17_aarch64.manylinux2014_aarch64.whl", hash = "sha256:1773cabfba66a6337b547e45dafbd471b09487370bcab75bd28f626520410d29"},
    {file = "simplejson-3.19.3-cp38-cp38-manylinux_2_17_ppc64le.manylinux2014_ppc64le.whl", hash = "sha256:7c0104b4b7d2c75ccedbf1d9d5a3bd2daa75e51053935a44ba012e2fd4c43752"},
    {file = "simplejson-3.19.3-cp38-cp38-manylinux_2_5_i686.manylinux1_i686.manylinux_2_17_i686.manylinux2014_i686.whl", hash = "sha256:1c49eeb94b8f09dc8a5843c156a22b8bde6aa1ddc65ca8ddc62dddcc001e6a2d"},
    {file = "simplejson-3.19.3-cp38-cp38-manylinux_2_5_x86_64.manylinux1_x86_64.manylinux_2_17_x86_64.manylinux2014_x86_64.whl", hash = "sha256:3dc5c1a85ff388e98ea877042daec3d157b6db0d85bac6ba5498034689793e7e"},
    {file = "simplejson-3.19.3-cp38-cp38-musllinux_1_2_aarch64.whl", hash = "sha256:49549e3d81ab4a58424405aa545602674d8c35c20e986b42bb8668e782a94bac"},
    {file = "simplejson-3.19.3-cp38-cp38-musllinux_1_2_i686.whl", hash = "sha256:e1a1452ad5723ff129b081e3c8aa4ba56b8734fee4223355ed7b815a7ece69bc"},
    {file = "simplejson-3.19.3-cp38-cp38-musllinux_1_2_ppc64le.whl", hash = "sha256:d0d5a63f1768fed7e78cf55712dee81f5a345e34d34224f3507ebf71df2b754d"},
    {file = "simplejson-3.19.3-cp38-cp38-musllinux_1_2_x86_64.whl", hash = "sha256:7e062767ac165df9a46963f5735aa4eee0089ec1e48b3f2ec46182754b96f55e"},
    {file = "simplejson-3.19.3-cp38-cp38-win32.whl", hash = "sha256:56134bbafe458a7b21f6fddbf889d36bec6d903718f4430768e3af822f8e27c2"},
    {file = "simplejson-3.19.3-cp38-cp38-win_amd64.whl", hash = "sha256:bcde83a553a96dc7533736c547bddaa35414a2566ab0ecf7d3964fc4bdb84c11"},
    {file = "simplejson-3.19.3-cp39-cp39-macosx_10_9_universal2.whl", hash = "sha256:b5587feda2b65a79da985ae6d116daf6428bf7489992badc29fc96d16cd27b05"},
    {file = "simplejson-3.19.3-cp39-cp39-macosx_10_9_x86_64.whl", hash = "sha256:e0d2b00ecbcd1a3c5ea1abc8bb99a26508f758c1759fd01c3be482a3655a176f"},
    {file = "simplejson-3.19.3-cp39-cp39-macosx_11_0_arm64.whl", hash = "sha256:32a3ada8f3ea41db35e6d37b86dade03760f804628ec22e4fe775b703d567426"},
    {file = "simplejson-3.19.3-cp39-cp39-manylinux_2_17_aarch64.manylinux2014_aarch64.whl", hash = "sha256:6f455672f4738b0f47183c5896e3606cd65c9ddee3805a4d18e8c96aa3f47c84"},
    {file = "simplejson-3.19.3-cp39-cp39-manylinux_2_17_ppc64le.manylinux2014_ppc64le.whl", hash = "sha256:2b737a5fefedb8333fa50b8db3dcc9b1d18fd6c598f89fa7debff8b46bf4e511"},
    {file = "simplejson-3.19.3-cp39-cp39-manylinux_2_5_i686.manylinux1_i686.manylinux_2_17_i686.manylinux2014_i686.whl", hash = "sha256:eb47ee773ce67476a960e2db4a0a906680c54f662521550828c0cc57d0099426"},
    {file = "simplejson-3.19.3-cp39-cp39-manylinux_2_5_x86_64.manylinux1_x86_64.manylinux_2_17_x86_64.manylinux2014_x86_64.whl", hash = "sha256:eed8cd98a7b24861da9d3d937f5fbfb6657350c547528a117297fe49e3960667"},
    {file = "simplejson-3.19.3-cp39-cp39-musllinux_1_2_aarch64.whl", hash = "sha256:619756f1dd634b5bdf57d9a3914300526c3b348188a765e45b8b08eabef0c94e"},
    {file = "simplejson-3.19.3-cp39-cp39-musllinux_1_2_i686.whl", hash = "sha256:dd7230d061e755d60a4d5445bae854afe33444cdb182f3815cff26ac9fb29a15"},
    {file = "simplejson-3.19.3-cp39-cp39-musllinux_1_2_ppc64le.whl", hash = "sha256:101a3c8392028cd704a93c7cba8926594e775ca3c91e0bee82144e34190903f1"},
    {file = "simplejson-3.19.3-cp39-cp39-musllinux_1_2_x86_64.whl", hash = "sha256:1e557712fc79f251673aeb3fad3501d7d4da3a27eff0857af2e1d1afbbcf6685"},
    {file = "simplejson-3.19.3-cp39-cp39-win32.whl", hash = "sha256:0bc5544e3128891bf613b9f71813ee2ec9c11574806f74dd8bb84e5e95bf64a2"},
    {file = "simplejson-3.19.3-cp39-cp39-win_amd64.whl", hash = "sha256:06662392e4913dc8846d6a71a6d5de86db5fba244831abe1dd741d62a4136764"},
    {file = "simplejson-3.19.3-py3-none-any.whl", hash = "sha256:49cc4c7b940d43bd12bf87ec63f28cbc4964fc4e12c031cc8cd01650f43eb94e"},
    {file = "simplejson-3.19.3.tar.gz", hash = "sha256:8e086896c36210ab6050f2f9f095a5f1e03c83fa0e7f296d6cba425411364680"},
]

[[package]]
name = "six"
version = "1.16.0"
description = "Python 2 and 3 compatibility utilities"
optional = false
python-versions = ">=2.7, !=3.0.*, !=3.1.*, !=3.2.*"
files = [
    {file = "six-1.16.0-py2.py3-none-any.whl", hash = "sha256:8abb2f1d86890a2dfb989f9a77cfcfd3e47c2a354b01111771326f8aa26e0254"},
    {file = "six-1.16.0.tar.gz", hash = "sha256:1e61c37477a1626458e36f7b1d82aa5c9b094fa4802892072e49de9c60c4c926"},
]

[[package]]
name = "slick-reporting"
version = "0.1.3"
description = "A one-stop report adn analytics generation and computation with batteries included"
optional = false
python-versions = ">=3.6"
files = [
    {file = "slick-reporting-0.1.3.tar.gz", hash = "sha256:308b0892c57e574738a15bd900064a4277e4dd6b2d16cd13f1ca6bc9f5d2c2a7"},
]

[package.dependencies]
django = ">=2.2.12"
django-crispy-forms = "1.8.0"
python-dateutil = "2.8.1"
simplejson = "*"

[[package]]
name = "sqlparse"
version = "0.5.1"
description = "A non-validating SQL parser."
optional = false
python-versions = ">=3.8"
files = [
    {file = "sqlparse-0.5.1-py3-none-any.whl", hash = "sha256:773dcbf9a5ab44a090f3441e2180efe2560220203dc2f8c0b0fa141e18b505e4"},
    {file = "sqlparse-0.5.1.tar.gz", hash = "sha256:bb6b4df465655ef332548e24f08e205afc81b9ab86cb1c45657a7ff173a3a00e"},
]

[package.extras]
dev = ["build", "hatch"]
doc = ["sphinx"]

[[package]]
name = "typing-extensions"
version = "4.12.2"
description = "Backported and Experimental Type Hints for Python 3.8+"
optional = false
python-versions = ">=3.8"
files = [
    {file = "typing_extensions-4.12.2-py3-none-any.whl", hash = "sha256:04e5ca0351e0f3f85c6853954072df659d0d13fac324d0072316b67d7794700d"},
    {file = "typing_extensions-4.12.2.tar.gz", hash = "sha256:1a7ead55c7e559dd4dee8856e3a88b41225abfe1ce8df57b7c13915fe121ffb8"},
]

[[package]]
name = "tzdata"
version = "2024.1"
description = "Provider of IANA time zone data"
optional = false
python-versions = ">=2"
files = [
    {file = "tzdata-2024.1-py2.py3-none-any.whl", hash = "sha256:9068bc196136463f5245e51efda838afa15aaeca9903f49050dfa2679db4d252"},
    {file = "tzdata-2024.1.tar.gz", hash = "sha256:2674120f8d891909751c38abcdfd386ac0a5a1127954fbc332af6b5ceae07efd"},
]

[metadata]
lock-version = "2.0"
python-versions = "^3.12"
content-hash = "5616e611c5427fea0b60ed2822e510c320bcc6e64106702aefc3f06cf1789e8a"
